
Microsoft Visual Studio Solution File, Format Version 12.00
# Visual Studio Version 17
VisualStudioVersion = 17.3.32825.248
MinimumVisualStudioVersion = 10.0.40219.1
Project("{2150E333-8FDC-42A3-9474-1A3956D46DE8}") = "Core", "Core", "{04B99D36-B01C-45E8-A018-C6DF5177EBBB}"
EndProject
Project("{2150E333-8FDC-42A3-9474-1A3956D46DE8}") = "Infrastructure", "Infrastructure", "{EE5CB35B-EA35-4972-8034-F90DA2D8E374}"
EndProject
Project("{2150E333-8FDC-42A3-9474-1A3956D46DE8}") = "Presentation", "Presentation", "{5CFF1647-AE5A-40D9-A83A-B4F5BECB0050}"
EndProject
Project("{2150E333-8FDC-42A3-9474-1A3956D46DE8}") = "Tests", "Tests", "{10D3AC0C-E5D8-46B6-BC08-37E8BCA28F97}"
EndProject
Project("{9A19103F-16F7-4668-BE54-9A1E7A4F7556}") = "Storage.Domain", "Storage.Domain\Storage.Domain.csproj", "{AD8BC758-D0FB-4900-8CD6-6233AEC4EA3D}"
EndProject
Project("{9A19103F-16F7-4668-BE54-9A1E7A4F7556}") = "Storage.Application", "Storage.Application\Storage.Application.csproj", "{2C1B0BDF-D20C-4459-936D-61BD8BBD426B}"
EndProject
Project("{9A19103F-16F7-4668-BE54-9A1E7A4F7556}") = "Storage.WebApi", "Storage.WebApi\Storage.WebApi.csproj", "{A80AA89D-2DA3-4446-9509-F39D067DE103}"
EndProject
Project("{9A19103F-16F7-4668-BE54-9A1E7A4F7556}") = "Storage.Tests", "Storage.Tests\Storage.Tests.csproj", "{0D4CA757-9657-4F09-8AEC-AD3ECBAFA58D}"
EndProject
Project("{FAE04EC0-301F-11D3-BF4B-00C04F79EFBC}") = "Elasticsearch", "Elasticsearch\Elasticsearch.csproj", "{705D9954-19DF-4E29-991C-20A71A319CDD}"
EndProject
Project("{9A19103F-16F7-4668-BE54-9A1E7A4F7556}") = "Elasticsearch.Tests", "Elasticsearch.Tests\Elasticsearch.Tests.csproj", "{A9133844-761A-487F-A1BD-7D0F0D9DC0FE}"
EndProject
Global
	GlobalSection(SolutionConfigurationPlatforms) = preSolution
		Debug|Any CPU = Debug|Any CPU
		Release|Any CPU = Release|Any CPU
	EndGlobalSection
	GlobalSection(ProjectConfigurationPlatforms) = postSolution
		{AD8BC758-D0FB-4900-8CD6-6233AEC4EA3D}.Debug|Any CPU.ActiveCfg = Debug|Any CPU
		{AD8BC758-D0FB-4900-8CD6-6233AEC4EA3D}.Debug|Any CPU.Build.0 = Debug|Any CPU
		{AD8BC758-D0FB-4900-8CD6-6233AEC4EA3D}.Release|Any CPU.ActiveCfg = Release|Any CPU
		{AD8BC758-D0FB-4900-8CD6-6233AEC4EA3D}.Release|Any CPU.Build.0 = Release|Any CPU
		{2C1B0BDF-D20C-4459-936D-61BD8BBD426B}.Debug|Any CPU.ActiveCfg = Debug|Any CPU
		{2C1B0BDF-D20C-4459-936D-61BD8BBD426B}.Debug|Any CPU.Build.0 = Debug|Any CPU
		{2C1B0BDF-D20C-4459-936D-61BD8BBD426B}.Release|Any CPU.ActiveCfg = Release|Any CPU
		{2C1B0BDF-D20C-4459-936D-61BD8BBD426B}.Release|Any CPU.Build.0 = Release|Any CPU
		{A80AA89D-2DA3-4446-9509-F39D067DE103}.Debug|Any CPU.ActiveCfg = Debug|Any CPU
		{A80AA89D-2DA3-4446-9509-F39D067DE103}.Debug|Any CPU.Build.0 = Debug|Any CPU
		{A80AA89D-2DA3-4446-9509-F39D067DE103}.Release|Any CPU.ActiveCfg = Release|Any CPU
		{A80AA89D-2DA3-4446-9509-F39D067DE103}.Release|Any CPU.Build.0 = Release|Any CPU
		{0D4CA757-9657-4F09-8AEC-AD3ECBAFA58D}.Debug|Any CPU.ActiveCfg = Debug|Any CPU
		{0D4CA757-9657-4F09-8AEC-AD3ECBAFA58D}.Debug|Any CPU.Build.0 = Debug|Any CPU
		{0D4CA757-9657-4F09-8AEC-AD3ECBAFA58D}.Release|Any CPU.ActiveCfg = Release|Any CPU
		{0D4CA757-9657-4F09-8AEC-AD3ECBAFA58D}.Release|Any CPU.Build.0 = Release|Any CPU
		{705D9954-19DF-4E29-991C-20A71A319CDD}.Debug|Any CPU.ActiveCfg = Debug|Any CPU
		{705D9954-19DF-4E29-991C-20A71A319CDD}.Debug|Any CPU.Build.0 = Debug|Any CPU
		{705D9954-19DF-4E29-991C-20A71A319CDD}.Release|Any CPU.ActiveCfg = Release|Any CPU
		{705D9954-19DF-4E29-991C-20A71A319CDD}.Release|Any CPU.Build.0 = Release|Any CPU
		{A9133844-761A-487F-A1BD-7D0F0D9DC0FE}.Debug|Any CPU.ActiveCfg = Debug|Any CPU
		{A9133844-761A-487F-A1BD-7D0F0D9DC0FE}.Debug|Any CPU.Build.0 = Debug|Any CPU
		{A9133844-761A-487F-A1BD-7D0F0D9DC0FE}.Release|Any CPU.ActiveCfg = Release|Any CPU
		{A9133844-761A-487F-A1BD-7D0F0D9DC0FE}.Release|Any CPU.Build.0 = Release|Any CPU
	EndGlobalSection
	GlobalSection(SolutionProperties) = preSolution
		HideSolutionNode = FALSE
	EndGlobalSection
	GlobalSection(NestedProjects) = preSolution
		{AD8BC758-D0FB-4900-8CD6-6233AEC4EA3D} = {04B99D36-B01C-45E8-A018-C6DF5177EBBB}
		{2C1B0BDF-D20C-4459-936D-61BD8BBD426B} = {04B99D36-B01C-45E8-A018-C6DF5177EBBB}
		{A80AA89D-2DA3-4446-9509-F39D067DE103} = {5CFF1647-AE5A-40D9-A83A-B4F5BECB0050}
		{0D4CA757-9657-4F09-8AEC-AD3ECBAFA58D} = {10D3AC0C-E5D8-46B6-BC08-37E8BCA28F97}
		{705D9954-19DF-4E29-991C-20A71A319CDD} = {EE5CB35B-EA35-4972-8034-F90DA2D8E374}
	EndGlobalSection
	GlobalSection(ExtensibilityGlobals) = postSolution
		SolutionGuid = {3887AB32-6DFA-42F6-B84F-B95C97B879BE}
	EndGlobalSection
EndGlobal
